
Microsoft Visual Studio Solution File, Format Version 12.00
# Visual Studio Version 16
VisualStudioVersion = 16.0.30104.148
MinimumVisualStudioVersion = 10.0.40219.1
Project("{FAE04EC0-301F-11D3-BF4B-00C04F79EFBC}") = "EFDuAn", "EFDuAn\EFDuAn.csproj", "{9C5DE5CE-5DC8-47AC-93F5-86C6665A1D74}"
EndProject
Global
	GlobalSection(SolutionConfigurationPlatforms) = preSolution
		Debug|Any CPU = Debug|Any CPU
		Release|Any CPU = Release|Any CPU
	EndGlobalSection
	GlobalSection(ProjectConfigurationPlatforms) = postSolution
		{9C5DE5CE-5DC8-47AC-93F5-86C6665A1D74}.Debug|Any CPU.ActiveCfg = Debug|Any CPU
		{9C5DE5CE-5DC8-47AC-93F5-86C6665A1D74}.Debug|Any CPU.Build.0 = Debug|Any CPU
		{9C5DE5CE-5DC8-47AC-93F5-86C6665A1D74}.Release|Any CPU.ActiveCfg = Release|Any CPU
		{9C5DE5CE-5DC8-47AC-93F5-86C6665A1D74}.Release|Any CPU.Build.0 = Release|Any CPU
	EndGlobalSection
	GlobalSection(SolutionProperties) = preSolution
		HideSolutionNode = FALSE
	EndGlobalSection
	GlobalSection(ExtensibilityGlobals) = postSolution
		SolutionGuid = {736448BB-0145-4994-A3C0-F5E3E6E8453D}
	EndGlobalSection
EndGlobal
